
Microsoft Visual Studio Solution File, Format Version 12.00
# Visual Studio 14
VisualStudioVersion = 14.0.25420.1
MinimumVisualStudioVersion = 10.0.40219.1
Project("{FAE04EC0-301F-11D3-BF4B-00C04F79EFBC}") = "DayOneHomeWork", "DayOneHomeWork\DayOneHomeWork.csproj", "{3D402312-EEC8-40E3-A135-60D7F49E8DEF}"
EndProject
Project("{FAE04EC0-301F-11D3-BF4B-00C04F79EFBC}") = "DayOneHomeWorkTests", "DayOneHomeWorkTests\DayOneHomeWorkTests.csproj", "{CCC1DB22-DE97-4943-90B5-A85ED16609F9}"
EndProject
Global
	GlobalSection(SolutionConfigurationPlatforms) = preSolution
		Debug|Any CPU = Debug|Any CPU
		Release|Any CPU = Release|Any CPU
	EndGlobalSection
	GlobalSection(ProjectConfigurationPlatforms) = postSolution
		{3D402312-EEC8-40E3-A135-60D7F49E8DEF}.Debug|Any CPU.ActiveCfg = Debug|Any CPU
		{3D402312-EEC8-40E3-A135-60D7F49E8DEF}.Debug|Any CPU.Build.0 = Debug|Any CPU
		{3D402312-EEC8-40E3-A135-60D7F49E8DEF}.Release|Any CPU.ActiveCfg = Release|Any CPU
		{3D402312-EEC8-40E3-A135-60D7F49E8DEF}.Release|Any CPU.Build.0 = Release|Any CPU
		{CCC1DB22-DE97-4943-90B5-A85ED16609F9}.Debug|Any CPU.ActiveCfg = Debug|Any CPU
		{CCC1DB22-DE97-4943-90B5-A85ED16609F9}.Debug|Any CPU.Build.0 = Debug|Any CPU
		{CCC1DB22-DE97-4943-90B5-A85ED16609F9}.Release|Any CPU.ActiveCfg = Release|Any CPU
		{CCC1DB22-DE97-4943-90B5-A85ED16609F9}.Release|Any CPU.Build.0 = Release|Any CPU
	EndGlobalSection
	GlobalSection(SolutionProperties) = preSolution
		HideSolutionNode = FALSE
	EndGlobalSection
EndGlobal
